<?xml version="1.0" encoding="utf-8"?>
<Project ToolsVersion="4.0" xmlns="http://schemas.microsoft.com/developer/msbuild/2003">
  <ItemGroup>
    <Filter Include="Core">
      <UniqueIdentifier>{ecafc54f-055c-4f48-bc73-83bd7963fa1b}</UniqueIdentifier>
    </Filter>
    <Filter Include="Systems">
      <UniqueIdentifier>{8028d68e-491f-4b09-a133-3bf3e70231c2}</UniqueIdentifier>
    </Filter>
    <Filter Include="World">
      <UniqueIdentifier>{41885ac3-12e2-4f5e-a82c-41352e5e0079}</UniqueIdentifier>
    </Filter>
    <Filter Include="Rendering">
      <UniqueIdentifier>{98080ef7-d0ba-4890-9649-65865b3c8db2}</UniqueIdentifier>
    </Filter>
    <Filter Include="Gameplay">
      <UniqueIdentifier>{a1211295-5434-4e92-b13a-5f217c3e3ec7}</UniqueIdentifier>
    </Filter>
  </ItemGroup>
  <ItemGroup>
    <ClCompile Include="Engine.cpp">
      <Filter>Core</Filter>
    </ClCompile>
    <ClCompile Include="Renderer.cpp">
      <Filter>Rendering</Filter>
    </ClCompile>
    <ClCompile Include="Player.cpp">
      <Filter>Gameplay</Filter>
    </ClCompile>
    <ClCompile Include="Enemy.cpp">
      <Filter>Gameplay</Filter>
    </ClCompile>
    <ClCompile Include="Weapon.cpp">
      <Filter>Gameplay</Filter>
    </ClCompile>
    <ClCompile Include="Map.cpp">
      <Filter>World</Filter>
    </ClCompile>
    <ClCompile Include="LevelLoader.cpp">
      <Filter>World</Filter>
    </ClCompile>
    <ClCompile Include="Door.cpp">
      <Filter>World</Filter>
    </ClCompile>
    <ClCompile Include="ParticleSystem.cpp">
      <Filter>Systems</Filter>
    </ClCompile>
    <ClCompile Include="Pathfinding.cpp">
      <Filter>Systems</Filter>
    </ClCompile>
    <ClCompile Include="main.cpp" />
    <ClCompile Include="HUD.cpp">
      <Filter>Systems</Filter>
    </ClCompile>
    <ClCompile Include="Minimap.cpp">
      <Filter>Systems</Filter>
    </ClCompile>
    <ClCompile Include="SaveSystem.cpp">
      <Filter>Systems</Filter>
    </ClCompile>
    <ClCompile Include="SoundSystem.cpp">
      <Filter>Systems</Filter>
    </ClCompile>
  </ItemGroup>
  <ItemGroup>
    <ClInclude Include="Engine.hpp">
      <Filter>Core</Filter>
    </ClInclude>
    <ClInclude Include="Renderer.hpp">
      <Filter>Rendering</Filter>
    </ClInclude>
    <ClInclude Include="Player.hpp">
      <Filter>Gameplay</Filter>
    </ClInclude>
    <ClInclude Include="Enemy.hpp">
      <Filter>Gameplay</Filter>
    </ClInclude>
    <ClInclude Include="Weapon.hpp">
      <Filter>Gameplay</Filter>
    </ClInclude>
    <ClInclude Include="Map.hpp">
      <Filter>World</Filter>
    </ClInclude>
    <ClInclude Include="LevelLoader.hpp">
      <Filter>World</Filter>
    </ClInclude>
    <ClInclude Include="Door.hpp">
      <Filter>World</Filter>
    </ClInclude>
    <ClInclude Include="ParticleSystem.hpp">
      <Filter>Systems</Filter>
    </ClInclude>
    <ClInclude Include="Pathfinding.hpp">
      <Filter>Systems</Filter>
    </ClInclude>
    <ClInclude Include="HUD.hpp">
      <Filter>Systems</Filter>
    </ClInclude>
    <ClInclude Include="Minimap.hpp">
      <Filter>Systems</Filter>
    </ClInclude>
    <ClInclude Include="SaveSystem.hpp">
      <Filter>Systems</Filter>
    </ClInclude>
    <ClInclude Include="SoundSystem.hpp">
      <Filter>Systems</Filter>
    </ClInclude>
  </ItemGroup>
</Project>